// !$*UTF8*$!
{
	archiveVersion = 1;
	classes = {
	};
	objectVersion = 46;
	objects = {

/* Begin PBXBuildFile section */
		A3A1A0441D9ABB0800FAB79C /* AppDelegate.swift in Sources */ = {isa = PBXBuildFile; fileRef = A3A1A0431D9ABB0800FAB79C /* AppDelegate.swift */; };
		A3A1A0461D9ABB0800FAB79C /* ViewController.swift in Sources */ = {isa = PBXBuildFile; fileRef = A3A1A0451D9ABB0800FAB79C /* ViewController.swift */; };
		A3A1A0491D9ABB0800FAB79C /* Main.storyboard in Resources */ = {isa = PBXBuildFile; fileRef = A3A1A0471D9ABB0800FAB79C /* Main.storyboard */; };
		A3A1A04B1D9ABB0800FAB79C /* Assets.xcassets in Resources */ = {isa = PBXBuildFile; fileRef = A3A1A04A1D9ABB0800FAB79C /* Assets.xcassets */; };
		A3A1A04E1D9ABB0800FAB79C /* LaunchScreen.storyboard in Resources */ = {isa = PBXBuildFile; fileRef = A3A1A04C1D9ABB0800FAB79C /* LaunchScreen.storyboard */; };
/* End PBXBuildFile section */

/* Begin PBXFileReference section */
		A3A1A0401D9ABB0700FAB79C /* GitXcode.app */ = {isa = PBXFileReference; explicitFileType = wrapper.application; includeInIndex = 0; path = GitXcode.app; sourceTree = BUILT_PRODUCTS_DIR; };
		A3A1A0431D9ABB0800FAB79C /* AppDelegate.swift */ = {isa = PBXFileReference; lastKnownFileType = sourcecode.swift; path = AppDelegate.swift; sourceTree = "<group>"; };
		A3A1A0451D9ABB0800FAB79C /* ViewController.swift */ = {isa = PBXFileReference; lastKnownFileType = sourcecode.swift; path = ViewController.swift; sourceTree = "<group>"; };
		A3A1A0481D9ABB0800FAB79C /* Base */ = {isa = PBXFileReference; lastKnownFileType = file.storyboard; name = Base; path = Base.lproj/Main.storyboard; sourceTree = "<group>"; };
		A3A1A04A1D9ABB0800FAB79C /* Assets.xcassets */ = {isa = PBXFileReference; lastKnownFileType = folder.assetcatalog; path = Assets.xcassets; sourceTree = "<group>"; };
		A3A1A04D1D9ABB0800FAB79C /* Base */ = {isa = PBXFileReference; lastKnownFileType = file.storyboard; name = Base; path = Base.lproj/LaunchScreen.storyboard; sourceTree = "<group>"; };
		A3A1A04F1D9ABB0800FAB79C /* Info.plist */ = {isa = PBXFileReference; lastKnownFileType = text.plist.xml; path = Info.plist; sourceTree = "<group>"; };
/* End PBXFileReference section */

/* Begin PBXFrameworksBuildPhase section */
		A3A1A03D1D9ABB0700FAB79C /* Frameworks */ = {
			isa = PBXFrameworksBuildPhase;
			buildActionMask = 2147483647;
			files = (
			);
			runOnlyForDeploymentPostprocessing = 0;
		};
/* End PBXFrameworksBuildPhase section */

/* Begin PBXGroup section */
		A3A1A0371D9ABB0700FAB79C = {
			isa = PBXGroup;
			children = (
				A3A1A0421D9ABB0800FAB79C /* GitXcode */,
				A3A1A0411D9ABB0700FAB79C /* Products */,
			);
			sourceTree = "<group>";
		};
		A3A1A0411D9ABB0700FAB79C /* Products */ = {
			isa = PBXGroup;
			children = (
				A3A1A0401D9ABB0700FAB79C /* GitXcode.app */,
			);
			name = Products;
			sourceTree = "<group>";
		};
		A3A1A0421D9ABB0800FAB79C /* GitXcode */ = {
			isa = PBXGroup;
			children = (
				A3A1A0431D9ABB0800FAB79C /* AppDelegate.swift */,
				A3A1A0451D9ABB0800FAB79C /* ViewController.swift */,
				A3A1A0471D9ABB0800FAB79C /* Main.storyboard */,
				A3A1A04A1D9ABB0800FAB79C /* Assets.xcassets */,
				A3A1A04C1D9ABB0800FAB79C /* LaunchScreen.storyboard */,
				A3A1A04F1D9ABB0800FAB79C /* Info.plist */,
			);
			path = GitXcode;
			sourceTree = "<group>";
		};
/* End PBXGroup section */

/* Begin PBXNativeTarget section */
		A3A1A03F1D9ABB0700FAB79C /* GitXcode */ = {
			isa = PBXNativeTarget;
			buildConfigurationList = A3A1A0521D9ABB0800FAB79C /* Build configuration list for PBXNativeTarget "GitXcode" */;
			buildPhases = (
				A3A1A03C1D9ABB0700FAB79C /* Sources */,
				A3A1A03D1D9ABB0700FAB79C /* Frameworks */,
				A3A1A03E1D9ABB0700FAB79C /* Resources */,
			);
			buildRules = (
			);
			dependencies = (
			);
			name = GitXcode;
			productName = GitXcode;
			productReference = A3A1A0401D9ABB0700FAB79C /* GitXcode.app */;
			productType = "com.apple.product-type.application";
		};
/* End PBXNativeTarget section */

/* Begin PBXProject section */
		A3A1A0381D9ABB0700FAB79C /* Project object */ = {
			isa = PBXProject;
			attributes = {
				LastSwiftUpdateCheck = 0730;
				LastUpgradeCheck = 0730;
				ORGANIZATIONNAME = Appfish;
				TargetAttributes = {
					A3A1A03F1D9ABB0700FAB79C = {
						CreatedOnToolsVersion = 7.3;
						DevelopmentTeam = E574TGWECG;
					};
				};
			};
			buildConfigurationList = A3A1A03B1D9ABB0700FAB79C /* Build configuration list for PBXProject "GitXcode" */;
			compatibilityVersion = "Xcode 3.2";
			developmentRegion = English;
			hasScannedForEncodings = 0;
			knownRegions = (
				en,
				Base,
			);
			mainGroup = A3A1A0371D9ABB0700FAB79C;
			productRefGroup = A3A1A0411D9ABB0700FAB79C /* Products */;
			projectDirPath = "";
			projectRoot = "";
			targets = (
				A3A1A03F1D9ABB0700FAB79C /* GitXcode */,
			);
		};
/* End PBXProject section */

/* Begin PBXResourcesBuildPhase section */
		A3A1A03E1D9ABB0700FAB79C /* Resources */ = {
			isa = PBXResourcesBuildPhase;
			buildActionMask = 2147483647;
			files = (
				A3A1A04E1D9ABB0800FAB79C /* LaunchScreen.storyboard in Resources */,
				A3A1A04B1D9ABB0800FAB79C /* Assets.xcassets in Resources */,
				A3A1A0491D9ABB0800FAB79C /* Main.storyboard in Resources */,
			);
			runOnlyForDeploymentPostprocessing = 0;
		};
/* End PBXResourcesBuildPhase section */

/* Begin PBXSourcesBuildPhase section */
		A3A1A03C1D9ABB0700FAB79C /* Sources */ = {
			isa = PBXSourcesBuildPhase;
			buildActionMask = 2147483647;
			files = (
				A3A1A0461D9ABB0800FAB79C /* ViewController.swift in Sources */,
				A3A1A0441D9ABB0800FAB79C /* AppDelegate.swift in Sources */,
			);
			runOnlyForDeploymentPostprocessing = 0;
		};
/* End PBXSourcesBuildPhase section */

/* Begin PBXVariantGroup section */
		A3A1A0471D9ABB0800FAB79C /* Main.storyboard */ = {
			isa = PBXVariantGroup;
			children = (
				A3A1A0481D9ABB0800FAB79C /* Base */,
			);
			name = Main.storyboard;
			sourceTree = "<group>";
		};
		A3A1A04C1D9ABB0800FAB79C /* LaunchScreen.storyboard */ = {
			isa = PBXVariantGroup;
			children = (
				A3A1A04D1D9ABB0800FAB79C /* Base */,
			);
			name = LaunchScreen.storyboard;
			sourceTree = "<group>";
		};
/* End PBXVariantGroup section */

/* Begin XCBuildConfiguration section */
		A3A1A0501D9ABB0800FAB79C /* Debug */ = {
			isa = XCBuildConfiguration;
			buildSettings = {
				ALWAYS_SEARCH_USER_PATHS = NO;
				CLANG_ANALYZER_NONNULL = YES;
				CLANG_CXX_LANGUAGE_STANDARD = "gnu++0x";
				CLANG_CXX_LIBRARY = "libc++";
				CLANG_ENABLE_MODULES = YES;
				CLANG_ENABLE_OBJC_ARC = YES;
				CLANG_WARN_BOOL_CONVERSION = YES;
				CLANG_WARN_CONSTANT_CONVERSION = YES;
				CLANG_WARN_DIRECT_OBJC_ISA_USAGE = YES_ERROR;
				CLANG_WARN_EMPTY_BODY = YES;
				CLANG_WARN_ENUM_CONVERSION = YES;
				CLANG_WARN_INT_CONVERSION = YES;
				CLANG_WARN_OBJC_ROOT_CLASS = YES_ERROR;
				CLANG_WARN_UNREACHABLE_CODE = YES;
				CLANG_WARN__DUPLICATE_METHOD_MATCH = YES;
				"CODE_SIGN_IDENTITY[sdk=iphoneos*]" = "iPhone Developer";
				COPY_PHASE_STRIP = NO;
				DEBUG_INFORMATION_FORMAT = dwarf;
				ENABLE_STRICT_OBJC_MSGSEND = YES;
				ENABLE_TESTABILITY = YES;
				GCC_C_LANGUAGE_STANDARD = gnu99;
				GCC_DYNAMIC_NO_PIC = NO;
				GCC_NO_COMMON_BLOCKS = YES;
				GCC_OPTIMIZATION_LEVEL = 0;
				GCC_PREPROCESSOR_DEFINITIONS = (
					"DEBUG=1",
					"$(inherited)",
				);
				GCC_WARN_64_TO_32_BIT_CONVERSION = YES;
				GCC_WARN_ABOUT_RETURN_TYPE = YES_ERROR;
				GCC_WARN_UNDECLARED_SELECTOR = YES;
				GCC_WARN_UNINITIALIZED_AUTOS = YES_AGGRESSIVE;
				GCC_WARN_UNUSED_FUNCTION = YES;
				GCC_WARN_UNUSED_VARIABLE = YES;
				IPHONEOS_DEPLOYMENT_TARGET = 9.3;
				MTL_ENABLE_DEBUG_INFO = YES;
				ONLY_ACTIVE_ARCH = YES;
				SDKROOT = iphoneos;
				SWIFT_OPTIMIZATION_LEVEL = "-Onone";
			};
			name = Debug;
		};
		A3A1A0511D9ABB0800FAB79C /* Release */ = {
			isa = XCBuildConfiguration;
			buildSettings = {
				ALWAYS_SEARCH_USER_PATHS = NO;
				CLANG_ANALYZER_NONNULL = YES;
				CLANG_CXX_LANGUAGE_STANDARD = "gnu++0x";
				CLANG_CXX_LIBRARY = "libc++";
				CLANG_ENABLE_MODULES = YES;
				CLANG_ENABLE_OBJC_ARC = YES;
				CLANG_WARN_BOOL_CONVERSION = YES;
				CLANG_WARN_CONSTANT_CONVERSION = YES;
				CLANG_WARN_DIRECT_OBJC_ISA_USAGE = YES_ERROR;
				CLANG_WARN_EMPTY_BODY = YES;
				CLANG_WARN_ENUM_CONVERSION = YES;
				CLANG_WARN_INT_CONVERSION = YES;
				CLANG_WARN_OBJC_ROOT_CLASS = YES_ERROR;
				CLANG_WARN_UNREACHABLE_CODE = YES;
				CLANG_WARN__DUPLICATE_METHOD_MATCH = YES;
				"CODE_SIGN_IDENTITY[sdk=iphoneos*]" = "iPhone Developer";
				COPY_PHASE_STRIP = NO;
				DEBUG_INFORMATION_FORMAT = "dwarf-with-dsym";
				ENABLE_NS_ASSERTIONS = NO;
				ENABLE_STRICT_OBJC_MSGSEND = YES;
				GCC_C_LANGUAGE_STANDARD = gnu99;
				GCC_NO_COMMON_BLOCKS = YES;
				GCC_WARN_64_TO_32_BIT_CONVERSION = YES;
				GCC_WARN_ABOUT_RETURN_TYPE = YES_ERROR;
				GCC_WARN_UNDECLARED_SELECTOR = YES;
				GCC_WARN_UNINITIALIZED_AUTOS = YES_AGGRESSIVE;
				GCC_WARN_UNUSED_FUNCTION = YES;
				GCC_WARN_UNUSED_VARIABLE = YES;
				IPHONEOS_DEPLOYMENT_TARGET = 9.3;
				MTL_ENABLE_DEBUG_INFO = NO;
				SDKROOT = iphoneos;
				VALIDATE_PRODUCT = YES;
			};
			name = Release;
		};
		A3A1A0531D9ABB0800FAB79C /* Debug */ = {
			isa = XCBuildConfiguration;
			buildSettings = {
				ASSETCATALOG_COMPILER_APPICON_NAME = AppIcon;
				INFOPLIST_FILE = GitXcode/Info.plist;
				LD_RUNPATH_SEARCH_PATHS = "$(inherited) @executable_path/Frameworks";
				PRODUCT_BUNDLE_IDENTIFIER = com.appfish.GitXcode;
				PRODUCT_NAME = "$(TARGET_NAME)";
			};
			name = Debug;
		};
		A3A1A0541D9ABB0800FAB79C /* Release */ = {
			isa = XCBuildConfiguration;
			buildSettings = {
				ASSETCATALOG_COMPILER_APPICON_NAME = AppIcon;
				INFOPLIST_FILE = GitXcode/Info.plist;
				LD_RUNPATH_SEARCH_PATHS = "$(inherited) @executable_path/Frameworks";
				PRODUCT_BUNDLE_IDENTIFIER = com.appfish.GitXcode;
				PRODUCT_NAME = "$(TARGET_NAME)";
			};
			name = Release;
		};
/* End XCBuildConfiguration section */

/* Begin XCConfigurationList section */
		A3A1A03B1D9ABB0700FAB79C /* Build configuration list for PBXProject "GitXcode" */ = {
			isa = XCConfigurationList;
			buildConfigurations = (
				A3A1A0501D9ABB0800FAB79C /* Debug */,
				A3A1A0511D9ABB0800FAB79C /* Release */,
			);
			defaultConfigurationIsVisible = 0;
			defaultConfigurationName = Release;
		};
		A3A1A0521D9ABB0800FAB79C /* Build configuration list for PBXNativeTarget "GitXcode" */ = {
			isa = XCConfigurationList;
			buildConfigurations = (
				A3A1A0531D9ABB0800FAB79C /* Debug */,
				A3A1A0541D9ABB0800FAB79C /* Release */,
			);
			defaultConfigurationIsVisible = 0;
		};
/* End XCConfigurationList section */
	};
	rootObject = A3A1A0381D9ABB0700FAB79C /* Project object */;
}
